
Microsoft Visual Studio Solution File, Format Version 12.00
# Visual Studio Version 17
VisualStudioVersion = 17.2.32505.173
MinimumVisualStudioVersion = 10.0.40219.1
Project("{FAE04EC0-301F-11D3-BF4B-00C04F79EFBC}") = "CursoCSharp", "CursoCSharp.csproj", "{90A3EE91-48E1-4335-BB20-7823CCF2DD30}"
EndProject
Global
	GlobalSection(SolutionConfigurationPlatforms) = preSolution
		Debug|Any CPU = Debug|Any CPU
		Release|Any CPU = Release|Any CPU
	EndGlobalSection
	GlobalSection(ProjectConfigurationPlatforms) = postSolution
		{90A3EE91-48E1-4335-BB20-7823CCF2DD30}.Debug|Any CPU.ActiveCfg = Debug|Any CPU
		{90A3EE91-48E1-4335-BB20-7823CCF2DD30}.Debug|Any CPU.Build.0 = Debug|Any CPU
		{90A3EE91-48E1-4335-BB20-7823CCF2DD30}.Release|Any CPU.ActiveCfg = Release|Any CPU
		{90A3EE91-48E1-4335-BB20-7823CCF2DD30}.Release|Any CPU.Build.0 = Release|Any CPU
	EndGlobalSection
	GlobalSection(SolutionProperties) = preSolution
		HideSolutionNode = FALSE
	EndGlobalSection
	GlobalSection(ExtensibilityGlobals) = postSolution
		SolutionGuid = {974F6183-D41D-4D14-8DE7-2810A5DC5954}
	EndGlobalSection
EndGlobal
